// !$*UTF8*$!
{
	archiveVersion = 1;
	classes = {
	};
	objectVersion = 56;
	objects = {

/* Begin PBXBuildFile section */
		A900EBE62C954AED001E5311 /* BufeTecApp.swift in Sources */ = {isa = PBXBuildFile; fileRef = A900EBE52C954AED001E5311 /* BufeTecApp.swift */; };
		A900EBE82C954AED001E5311 /* ContentView.swift in Sources */ = {isa = PBXBuildFile; fileRef = A900EBE72C954AED001E5311 /* ContentView.swift */; };
		A900EBEA2C954AEF001E5311 /* Assets.xcassets in Resources */ = {isa = PBXBuildFile; fileRef = A900EBE92C954AEF001E5311 /* Assets.xcassets */; };
		A900EBED2C954AEF001E5311 /* Preview Assets.xcassets in Resources */ = {isa = PBXBuildFile; fileRef = A900EBEC2C954AEF001E5311 /* Preview Assets.xcassets */; };
		A915355F2CA0F29400DA3289 /* FirebaseAuth in Frameworks */ = {isa = PBXBuildFile; productRef = A915355E2CA0F29400DA3289 /* FirebaseAuth */; };
		A91535622CA0F2A300DA3289 /* GoogleSignIn in Frameworks */ = {isa = PBXBuildFile; productRef = A91535612CA0F2A300DA3289 /* GoogleSignIn */; };
		A91535662CA0F2CE00DA3289 /* GoogleSignInBtn.swift in Sources */ = {isa = PBXBuildFile; fileRef = A91535652CA0F2CE00DA3289 /* GoogleSignInBtn.swift */; };
		A91535692CA0F3ED00DA3289 /* AppDelegate.swift in Sources */ = {isa = PBXBuildFile; fileRef = A91535682CA0F3ED00DA3289 /* AppDelegate.swift */; };
		A915356B2CA0F40900DA3289 /* ViewExt.swift in Sources */ = {isa = PBXBuildFile; fileRef = A915356A2CA0F40900DA3289 /* ViewExt.swift */; };
		A915356F2CA0F42B00DA3289 /* FireBaseAuth.swift in Sources */ = {isa = PBXBuildFile; fileRef = A915356E2CA0F42B00DA3289 /* FireBaseAuth.swift */; };
		A96E5C4D2C954CDB0056B657 /* ForumView.swift in Sources */ = {isa = PBXBuildFile; fileRef = A96E5C4C2C954CDB0056B657 /* ForumView.swift */; };
		A96E5C4F2C954CF20056B657 /* ForumReplyView.swift in Sources */ = {isa = PBXBuildFile; fileRef = A96E5C4E2C954CF20056B657 /* ForumReplyView.swift */; };
		A96E5C512C954D380056B657 /* NewClientCbView.swift in Sources */ = {isa = PBXBuildFile; fileRef = A96E5C502C954D380056B657 /* NewClientCbView.swift */; };
		A96E5C532C954D4A0056B657 /* InternalCbView.swift in Sources */ = {isa = PBXBuildFile; fileRef = A96E5C522C954D4A0056B657 /* InternalCbView.swift */; };
		A96E5C552C954DA70056B657 /* ClientLoginView.swift in Sources */ = {isa = PBXBuildFile; fileRef = A96E5C542C954DA70056B657 /* ClientLoginView.swift */; };
		A96E5C572C954DB30056B657 /* InternalLoginView.swift in Sources */ = {isa = PBXBuildFile; fileRef = A96E5C562C954DB30056B657 /* InternalLoginView.swift */; };
		A96E5C592C954DC60056B657 /* ProfileView.swift in Sources */ = {isa = PBXBuildFile; fileRef = A96E5C582C954DC60056B657 /* ProfileView.swift */; };
		A96E5C5B2C954DD20056B657 /* ClientsView.swift in Sources */ = {isa = PBXBuildFile; fileRef = A96E5C5A2C954DD20056B657 /* ClientsView.swift */; };
		A96E5C5D2C954DF00056B657 /* ForumNewPostView.swift in Sources */ = {isa = PBXBuildFile; fileRef = A96E5C5C2C954DF00056B657 /* ForumNewPostView.swift */; };
		A96E5C672C954EBA0056B657 /* ExploreView.swift in Sources */ = {isa = PBXBuildFile; fileRef = A96E5C662C954EBA0056B657 /* ExploreView.swift */; };
		A96E5C692C954EE60056B657 /* GeneralLoginView.swift in Sources */ = {isa = PBXBuildFile; fileRef = A96E5C682C954EE60056B657 /* GeneralLoginView.swift */; };
		A96E5C6B2C9550340056B657 /* GenCbView.swift in Sources */ = {isa = PBXBuildFile; fileRef = A96E5C6A2C9550340056B657 /* GenCbView.swift */; };
		A9AEED642C9A147D00DE3FA4 /* CbMessageModel.swift in Sources */ = {isa = PBXBuildFile; fileRef = A9AEED632C9A147D00DE3FA4 /* CbMessageModel.swift */; };
/* End PBXBuildFile section */

/* Begin PBXFileReference section */
		A900EBE22C954AED001E5311 /* BufeTec.app */ = {isa = PBXFileReference; explicitFileType = wrapper.application; includeInIndex = 0; path = BufeTec.app; sourceTree = BUILT_PRODUCTS_DIR; };
		A900EBE52C954AED001E5311 /* BufeTecApp.swift */ = {isa = PBXFileReference; lastKnownFileType = sourcecode.swift; path = BufeTecApp.swift; sourceTree = "<group>"; };
		A900EBE72C954AED001E5311 /* ContentView.swift */ = {isa = PBXFileReference; lastKnownFileType = sourcecode.swift; path = ContentView.swift; sourceTree = "<group>"; };
		A900EBE92C954AEF001E5311 /* Assets.xcassets */ = {isa = PBXFileReference; lastKnownFileType = folder.assetcatalog; path = Assets.xcassets; sourceTree = "<group>"; };
		A900EBEC2C954AEF001E5311 /* Preview Assets.xcassets */ = {isa = PBXFileReference; lastKnownFileType = folder.assetcatalog; path = "Preview Assets.xcassets"; sourceTree = "<group>"; };
		A91535652CA0F2CE00DA3289 /* GoogleSignInBtn.swift */ = {isa = PBXFileReference; lastKnownFileType = sourcecode.swift; path = GoogleSignInBtn.swift; sourceTree = "<group>"; };
		A91535682CA0F3ED00DA3289 /* AppDelegate.swift */ = {isa = PBXFileReference; lastKnownFileType = sourcecode.swift; path = AppDelegate.swift; sourceTree = "<group>"; };
		A915356A2CA0F40900DA3289 /* ViewExt.swift */ = {isa = PBXFileReference; lastKnownFileType = sourcecode.swift; path = ViewExt.swift; sourceTree = "<group>"; };
		A915356E2CA0F42B00DA3289 /* FireBaseAuth.swift */ = {isa = PBXFileReference; lastKnownFileType = sourcecode.swift; path = FireBaseAuth.swift; sourceTree = "<group>"; };
		A91535702CA0F45A00DA3289 /* Info.plist */ = {isa = PBXFileReference; lastKnownFileType = text.plist; path = Info.plist; sourceTree = "<group>"; };
		A96E5C4C2C954CDB0056B657 /* ForumView.swift */ = {isa = PBXFileReference; lastKnownFileType = sourcecode.swift; path = ForumView.swift; sourceTree = "<group>"; };
		A96E5C4E2C954CF20056B657 /* ForumReplyView.swift */ = {isa = PBXFileReference; lastKnownFileType = sourcecode.swift; path = ForumReplyView.swift; sourceTree = "<group>"; };
		A96E5C502C954D380056B657 /* NewClientCbView.swift */ = {isa = PBXFileReference; lastKnownFileType = sourcecode.swift; name = NewClientCbView.swift; path = BufeTec/View/Chatbot/NewClientCbView.swift; sourceTree = SOURCE_ROOT; };
		A96E5C522C954D4A0056B657 /* InternalCbView.swift */ = {isa = PBXFileReference; lastKnownFileType = sourcecode.swift; path = InternalCbView.swift; sourceTree = "<group>"; };
		A96E5C542C954DA70056B657 /* ClientLoginView.swift */ = {isa = PBXFileReference; lastKnownFileType = sourcecode.swift; path = ClientLoginView.swift; sourceTree = "<group>"; };
		A96E5C562C954DB30056B657 /* InternalLoginView.swift */ = {isa = PBXFileReference; lastKnownFileType = sourcecode.swift; path = InternalLoginView.swift; sourceTree = "<group>"; };
		A96E5C582C954DC60056B657 /* ProfileView.swift */ = {isa = PBXFileReference; lastKnownFileType = sourcecode.swift; path = ProfileView.swift; sourceTree = "<group>"; };
		A96E5C5A2C954DD20056B657 /* ClientsView.swift */ = {isa = PBXFileReference; lastKnownFileType = sourcecode.swift; path = ClientsView.swift; sourceTree = "<group>"; };
		A96E5C5C2C954DF00056B657 /* ForumNewPostView.swift */ = {isa = PBXFileReference; lastKnownFileType = sourcecode.swift; path = ForumNewPostView.swift; sourceTree = "<group>"; };
		A96E5C662C954EBA0056B657 /* ExploreView.swift */ = {isa = PBXFileReference; lastKnownFileType = sourcecode.swift; path = ExploreView.swift; sourceTree = "<group>"; };
		A96E5C682C954EE60056B657 /* GeneralLoginView.swift */ = {isa = PBXFileReference; lastKnownFileType = sourcecode.swift; path = GeneralLoginView.swift; sourceTree = "<group>"; };
		A96E5C6A2C9550340056B657 /* GenCbView.swift */ = {isa = PBXFileReference; lastKnownFileType = sourcecode.swift; path = GenCbView.swift; sourceTree = "<group>"; };
		A9AEED632C9A147D00DE3FA4 /* CbMessageModel.swift */ = {isa = PBXFileReference; lastKnownFileType = sourcecode.swift; path = CbMessageModel.swift; sourceTree = "<group>"; };
/* End PBXFileReference section */

/* Begin PBXFrameworksBuildPhase section */
		A900EBDF2C954AED001E5311 /* Frameworks */ = {
			isa = PBXFrameworksBuildPhase;
			buildActionMask = 2147483647;
			files = (
				A915355F2CA0F29400DA3289 /* FirebaseAuth in Frameworks */,
				A91535622CA0F2A300DA3289 /* GoogleSignIn in Frameworks */,
			);
			runOnlyForDeploymentPostprocessing = 0;
		};
/* End PBXFrameworksBuildPhase section */

/* Begin PBXGroup section */
		A900EBD92C954AED001E5311 = {
			isa = PBXGroup;
			children = (
				A900EBE42C954AED001E5311 /* BufeTec */,
				A900EBE32C954AED001E5311 /* Products */,
			);
			sourceTree = "<group>";
		};
		A900EBE32C954AED001E5311 /* Products */ = {
			isa = PBXGroup;
			children = (
				A900EBE22C954AED001E5311 /* BufeTec.app */,
			);
			name = Products;
			sourceTree = "<group>";
		};
		A900EBE42C954AED001E5311 /* BufeTec */ = {
			isa = PBXGroup;
			children = (
				A91535702CA0F45A00DA3289 /* Info.plist */,
				A91535672CA0F33700DA3289 /* Helper */,
				A915355C2CA0F26200DA3289 /* Components */,
				A96E5C4A2C954CA40056B657 /* View */,
				A96E5C492C954C990056B657 /* Model */,
				A900EBE52C954AED001E5311 /* BufeTecApp.swift */,
				A900EBE72C954AED001E5311 /* ContentView.swift */,
				A900EBE92C954AEF001E5311 /* Assets.xcassets */,
				A900EBEB2C954AEF001E5311 /* Preview Content */,
			);
			path = BufeTec;
			sourceTree = "<group>";
		};
		A900EBEB2C954AEF001E5311 /* Preview Content */ = {
			isa = PBXGroup;
			children = (
				A900EBEC2C954AEF001E5311 /* Preview Assets.xcassets */,
			);
			path = "Preview Content";
			sourceTree = "<group>";
		};
		A915355C2CA0F26200DA3289 /* Components */ = {
			isa = PBXGroup;
			children = (
				A91535652CA0F2CE00DA3289 /* GoogleSignInBtn.swift */,
			);
			path = Components;
			sourceTree = "<group>";
		};
		A91535672CA0F33700DA3289 /* Helper */ = {
			isa = PBXGroup;
			children = (
				A91535682CA0F3ED00DA3289 /* AppDelegate.swift */,
				A915356A2CA0F40900DA3289 /* ViewExt.swift */,
				A915356E2CA0F42B00DA3289 /* FireBaseAuth.swift */,
			);
			path = Helper;
			sourceTree = "<group>";
		};
		A96E5C492C954C990056B657 /* Model */ = {
			isa = PBXGroup;
			children = (
				A9AEED632C9A147D00DE3FA4 /* CbMessageModel.swift */,
			);
			path = Model;
			sourceTree = "<group>";
		};
		A96E5C4A2C954CA40056B657 /* View */ = {
			isa = PBXGroup;
			children = (
				A96E5C642C954E550056B657 /* General */,
				A96E5C612C954E260056B657 /* Bufetec */,
				A96E5C602C954E100056B657 /* Login */,
				A96E5C5F2C954E010056B657 /* Chatbot */,
				A96E5C5E2C954DF60056B657 /* Forum */,
			);
			path = View;
			sourceTree = "<group>";
		};
		A96E5C5E2C954DF60056B657 /* Forum */ = {
			isa = PBXGroup;
			children = (
				A96E5C4E2C954CF20056B657 /* ForumReplyView.swift */,
				A96E5C5C2C954DF00056B657 /* ForumNewPostView.swift */,
				A96E5C4C2C954CDB0056B657 /* ForumView.swift */,
			);
			path = Forum;
			sourceTree = "<group>";
		};
		A96E5C5F2C954E010056B657 /* Chatbot */ = {
			isa = PBXGroup;
			children = (
				A96E5C522C954D4A0056B657 /* InternalCbView.swift */,
				A96E5C502C954D380056B657 /* NewClientCbView.swift */,
				A96E5C6A2C9550340056B657 /* GenCbView.swift */,
			);
			path = Chatbot;
			sourceTree = "<group>";
		};
		A96E5C602C954E100056B657 /* Login */ = {
			isa = PBXGroup;
			children = (
				A96E5C542C954DA70056B657 /* ClientLoginView.swift */,
				A96E5C562C954DB30056B657 /* InternalLoginView.swift */,
				A96E5C682C954EE60056B657 /* GeneralLoginView.swift */,
			);
			path = Login;
			sourceTree = "<group>";
		};
		A96E5C612C954E260056B657 /* Bufetec */ = {
			isa = PBXGroup;
			children = (
				A96E5C5A2C954DD20056B657 /* ClientsView.swift */,
			);
			path = Bufetec;
			sourceTree = "<group>";
		};
		A96E5C642C954E550056B657 /* General */ = {
			isa = PBXGroup;
			children = (
				A96E5C582C954DC60056B657 /* ProfileView.swift */,
				A96E5C662C954EBA0056B657 /* ExploreView.swift */,
			);
			path = General;
			sourceTree = "<group>";
		};
/* End PBXGroup section */

/* Begin PBXNativeTarget section */
		A900EBE12C954AED001E5311 /* BufeTec */ = {
			isa = PBXNativeTarget;
			buildConfigurationList = A900EBF02C954AEF001E5311 /* Build configuration list for PBXNativeTarget "BufeTec" */;
			buildPhases = (
				A900EBDE2C954AED001E5311 /* Sources */,
				A900EBDF2C954AED001E5311 /* Frameworks */,
				A900EBE02C954AED001E5311 /* Resources */,
			);
			buildRules = (
			);
			dependencies = (
			);
			name = BufeTec;
			productName = BufeTec;
			productReference = A900EBE22C954AED001E5311 /* BufeTec.app */;
			productType = "com.apple.product-type.application";
		};
/* End PBXNativeTarget section */

/* Begin PBXProject section */
		A900EBDA2C954AED001E5311 /* Project object */ = {
			isa = PBXProject;
			attributes = {
				BuildIndependentTargetsInParallel = 1;
				LastSwiftUpdateCheck = 1520;
				LastUpgradeCheck = 1520;
				TargetAttributes = {
					A900EBE12C954AED001E5311 = {
						CreatedOnToolsVersion = 15.2;
					};
				};
			};
			buildConfigurationList = A900EBDD2C954AED001E5311 /* Build configuration list for PBXProject "BufeTec" */;
			compatibilityVersion = "Xcode 14.0";
			developmentRegion = en;
			hasScannedForEncodings = 0;
			knownRegions = (
				en,
				Base,
			);
			mainGroup = A900EBD92C954AED001E5311;
			packageReferences = (
				A915355D2CA0F29400DA3289 /* XCRemoteSwiftPackageReference "firebase-ios-sdk" */,
				A91535602CA0F2A300DA3289 /* XCRemoteSwiftPackageReference "GoogleSignIn-iOS" */,
			);
			productRefGroup = A900EBE32C954AED001E5311 /* Products */;
			projectDirPath = "";
			projectRoot = "";
			targets = (
				A900EBE12C954AED001E5311 /* BufeTec */,
			);
		};
/* End PBXProject section */

/* Begin PBXResourcesBuildPhase section */
		A900EBE02C954AED001E5311 /* Resources */ = {
			isa = PBXResourcesBuildPhase;
			buildActionMask = 2147483647;
			files = (
				A900EBED2C954AEF001E5311 /* Preview Assets.xcassets in Resources */,
				A900EBEA2C954AEF001E5311 /* Assets.xcassets in Resources */,
			);
			runOnlyForDeploymentPostprocessing = 0;
		};
/* End PBXResourcesBuildPhase section */

/* Begin PBXSourcesBuildPhase section */
		A900EBDE2C954AED001E5311 /* Sources */ = {
			isa = PBXSourcesBuildPhase;
			buildActionMask = 2147483647;
			files = (
				A96E5C552C954DA70056B657 /* ClientLoginView.swift in Sources */,
				A9AEED642C9A147D00DE3FA4 /* CbMessageModel.swift in Sources */,
				A96E5C5B2C954DD20056B657 /* ClientsView.swift in Sources */,
				A96E5C5D2C954DF00056B657 /* ForumNewPostView.swift in Sources */,
				A96E5C592C954DC60056B657 /* ProfileView.swift in Sources */,
				A900EBE82C954AED001E5311 /* ContentView.swift in Sources */,
				A96E5C512C954D380056B657 /* NewClientCbView.swift in Sources */,
				A96E5C572C954DB30056B657 /* InternalLoginView.swift in Sources */,
				A96E5C532C954D4A0056B657 /* InternalCbView.swift in Sources */,
				A915356F2CA0F42B00DA3289 /* FireBaseAuth.swift in Sources */,
				A91535662CA0F2CE00DA3289 /* GoogleSignInBtn.swift in Sources */,
				A96E5C4D2C954CDB0056B657 /* ForumView.swift in Sources */,
				A900EBE62C954AED001E5311 /* BufeTecApp.swift in Sources */,
				A96E5C6B2C9550340056B657 /* GenCbView.swift in Sources */,
				A96E5C672C954EBA0056B657 /* ExploreView.swift in Sources */,
				A96E5C692C954EE60056B657 /* GeneralLoginView.swift in Sources */,
				A91535692CA0F3ED00DA3289 /* AppDelegate.swift in Sources */,
				A915356B2CA0F40900DA3289 /* ViewExt.swift in Sources */,
				A96E5C4F2C954CF20056B657 /* ForumReplyView.swift in Sources */,
			);
			runOnlyForDeploymentPostprocessing = 0;
		};
/* End PBXSourcesBuildPhase section */

/* Begin XCBuildConfiguration section */
		A900EBEE2C954AEF001E5311 /* Debug */ = {
			isa = XCBuildConfiguration;
			buildSettings = {
				ALWAYS_SEARCH_USER_PATHS = NO;
				ASSETCATALOG_COMPILER_GENERATE_SWIFT_ASSET_SYMBOL_EXTENSIONS = YES;
				CLANG_ANALYZER_NONNULL = YES;
				CLANG_ANALYZER_NUMBER_OBJECT_CONVERSION = YES_AGGRESSIVE;
				CLANG_CXX_LANGUAGE_STANDARD = "gnu++20";
				CLANG_ENABLE_MODULES = YES;
				CLANG_ENABLE_OBJC_ARC = YES;
				CLANG_ENABLE_OBJC_WEAK = YES;
				CLANG_WARN_BLOCK_CAPTURE_AUTORELEASING = YES;
				CLANG_WARN_BOOL_CONVERSION = YES;
				CLANG_WARN_COMMA = YES;
				CLANG_WARN_CONSTANT_CONVERSION = YES;
				CLANG_WARN_DEPRECATED_OBJC_IMPLEMENTATIONS = YES;
				CLANG_WARN_DIRECT_OBJC_ISA_USAGE = YES_ERROR;
				CLANG_WARN_DOCUMENTATION_COMMENTS = YES;
				CLANG_WARN_EMPTY_BODY = YES;
				CLANG_WARN_ENUM_CONVERSION = YES;
				CLANG_WARN_INFINITE_RECURSION = YES;
				CLANG_WARN_INT_CONVERSION = YES;
				CLANG_WARN_NON_LITERAL_NULL_CONVERSION = YES;
				CLANG_WARN_OBJC_IMPLICIT_RETAIN_SELF = YES;
				CLANG_WARN_OBJC_LITERAL_CONVERSION = YES;
				CLANG_WARN_OBJC_ROOT_CLASS = YES_ERROR;
				CLANG_WARN_QUOTED_INCLUDE_IN_FRAMEWORK_HEADER = YES;
				CLANG_WARN_RANGE_LOOP_ANALYSIS = YES;
				CLANG_WARN_STRICT_PROTOTYPES = YES;
				CLANG_WARN_SUSPICIOUS_MOVE = YES;
				CLANG_WARN_UNGUARDED_AVAILABILITY = YES_AGGRESSIVE;
				CLANG_WARN_UNREACHABLE_CODE = YES;
				CLANG_WARN__DUPLICATE_METHOD_MATCH = YES;
				COPY_PHASE_STRIP = NO;
				DEBUG_INFORMATION_FORMAT = dwarf;
				ENABLE_STRICT_OBJC_MSGSEND = YES;
				ENABLE_TESTABILITY = YES;
				ENABLE_USER_SCRIPT_SANDBOXING = YES;
				GCC_C_LANGUAGE_STANDARD = gnu17;
				GCC_DYNAMIC_NO_PIC = NO;
				GCC_NO_COMMON_BLOCKS = YES;
				GCC_OPTIMIZATION_LEVEL = 0;
				GCC_PREPROCESSOR_DEFINITIONS = (
					"DEBUG=1",
					"$(inherited)",
				);
				GCC_WARN_64_TO_32_BIT_CONVERSION = YES;
				GCC_WARN_ABOUT_RETURN_TYPE = YES_ERROR;
				GCC_WARN_UNDECLARED_SELECTOR = YES;
				GCC_WARN_UNINITIALIZED_AUTOS = YES_AGGRESSIVE;
				GCC_WARN_UNUSED_FUNCTION = YES;
				GCC_WARN_UNUSED_VARIABLE = YES;
				IPHONEOS_DEPLOYMENT_TARGET = 17.2;
				LOCALIZATION_PREFERS_STRING_CATALOGS = YES;
				MTL_ENABLE_DEBUG_INFO = INCLUDE_SOURCE;
				MTL_FAST_MATH = YES;
				ONLY_ACTIVE_ARCH = YES;
				SDKROOT = iphoneos;
				SWIFT_ACTIVE_COMPILATION_CONDITIONS = "DEBUG $(inherited)";
				SWIFT_OPTIMIZATION_LEVEL = "-Onone";
			};
			name = Debug;
		};
		A900EBEF2C954AEF001E5311 /* Release */ = {
			isa = XCBuildConfiguration;
			buildSettings = {
				ALWAYS_SEARCH_USER_PATHS = NO;
				ASSETCATALOG_COMPILER_GENERATE_SWIFT_ASSET_SYMBOL_EXTENSIONS = YES;
				CLANG_ANALYZER_NONNULL = YES;
				CLANG_ANALYZER_NUMBER_OBJECT_CONVERSION = YES_AGGRESSIVE;
				CLANG_CXX_LANGUAGE_STANDARD = "gnu++20";
				CLANG_ENABLE_MODULES = YES;
				CLANG_ENABLE_OBJC_ARC = YES;
				CLANG_ENABLE_OBJC_WEAK = YES;
				CLANG_WARN_BLOCK_CAPTURE_AUTORELEASING = YES;
				CLANG_WARN_BOOL_CONVERSION = YES;
				CLANG_WARN_COMMA = YES;
				CLANG_WARN_CONSTANT_CONVERSION = YES;
				CLANG_WARN_DEPRECATED_OBJC_IMPLEMENTATIONS = YES;
				CLANG_WARN_DIRECT_OBJC_ISA_USAGE = YES_ERROR;
				CLANG_WARN_DOCUMENTATION_COMMENTS = YES;
				CLANG_WARN_EMPTY_BODY = YES;
				CLANG_WARN_ENUM_CONVERSION = YES;
				CLANG_WARN_INFINITE_RECURSION = YES;
				CLANG_WARN_INT_CONVERSION = YES;
				CLANG_WARN_NON_LITERAL_NULL_CONVERSION = YES;
				CLANG_WARN_OBJC_IMPLICIT_RETAIN_SELF = YES;
				CLANG_WARN_OBJC_LITERAL_CONVERSION = YES;
				CLANG_WARN_OBJC_ROOT_CLASS = YES_ERROR;
				CLANG_WARN_QUOTED_INCLUDE_IN_FRAMEWORK_HEADER = YES;
				CLANG_WARN_RANGE_LOOP_ANALYSIS = YES;
				CLANG_WARN_STRICT_PROTOTYPES = YES;
				CLANG_WARN_SUSPICIOUS_MOVE = YES;
				CLANG_WARN_UNGUARDED_AVAILABILITY = YES_AGGRESSIVE;
				CLANG_WARN_UNREACHABLE_CODE = YES;
				CLANG_WARN__DUPLICATE_METHOD_MATCH = YES;
				COPY_PHASE_STRIP = NO;
				DEBUG_INFORMATION_FORMAT = "dwarf-with-dsym";
				ENABLE_NS_ASSERTIONS = NO;
				ENABLE_STRICT_OBJC_MSGSEND = YES;
				ENABLE_USER_SCRIPT_SANDBOXING = YES;
				GCC_C_LANGUAGE_STANDARD = gnu17;
				GCC_NO_COMMON_BLOCKS = YES;
				GCC_WARN_64_TO_32_BIT_CONVERSION = YES;
				GCC_WARN_ABOUT_RETURN_TYPE = YES_ERROR;
				GCC_WARN_UNDECLARED_SELECTOR = YES;
				GCC_WARN_UNINITIALIZED_AUTOS = YES_AGGRESSIVE;
				GCC_WARN_UNUSED_FUNCTION = YES;
				GCC_WARN_UNUSED_VARIABLE = YES;
				IPHONEOS_DEPLOYMENT_TARGET = 17.2;
				LOCALIZATION_PREFERS_STRING_CATALOGS = YES;
				MTL_ENABLE_DEBUG_INFO = NO;
				MTL_FAST_MATH = YES;
				SDKROOT = iphoneos;
				SWIFT_COMPILATION_MODE = wholemodule;
				VALIDATE_PRODUCT = YES;
			};
			name = Release;
		};
		A900EBF12C954AEF001E5311 /* Debug */ = {
			isa = XCBuildConfiguration;
			buildSettings = {
				ASSETCATALOG_COMPILER_APPICON_NAME = AppIcon;
				ASSETCATALOG_COMPILER_GLOBAL_ACCENT_COLOR_NAME = AccentColor;
				CODE_SIGN_STYLE = Automatic;
				CURRENT_PROJECT_VERSION = 1;
				DEVELOPMENT_ASSET_PATHS = "\"BufeTec/Preview Content\"";
				DEVELOPMENT_TEAM = TCBXDWFNX2;
				ENABLE_PREVIEWS = YES;
				GENERATE_INFOPLIST_FILE = YES;
				INFOPLIST_FILE = BufeTec/Info.plist;
				INFOPLIST_KEY_UIApplicationSceneManifest_Generation = YES;
				INFOPLIST_KEY_UIApplicationSupportsIndirectInputEvents = YES;
				INFOPLIST_KEY_UILaunchScreen_Generation = YES;
				INFOPLIST_KEY_UISupportedInterfaceOrientations_iPad = "UIInterfaceOrientationPortrait UIInterfaceOrientationPortraitUpsideDown UIInterfaceOrientationLandscapeLeft UIInterfaceOrientationLandscapeRight";
				INFOPLIST_KEY_UISupportedInterfaceOrientations_iPhone = "UIInterfaceOrientationPortrait UIInterfaceOrientationLandscapeLeft UIInterfaceOrientationLandscapeRight";
				LD_RUNPATH_SEARCH_PATHS = (
					"$(inherited)",
					"@executable_path/Frameworks",
				);
				MARKETING_VERSION = 1.0;
				PRODUCT_BUNDLE_IDENTIFIER = kovomie.BufeTec;
				PRODUCT_NAME = "$(TARGET_NAME)";
				SWIFT_EMIT_LOC_STRINGS = YES;
				SWIFT_VERSION = 5.0;
				TARGETED_DEVICE_FAMILY = "1,2";
			};
			name = Debug;
		};
		A900EBF22C954AEF001E5311 /* Release */ = {
			isa = XCBuildConfiguration;
			buildSettings = {
				ASSETCATALOG_COMPILER_APPICON_NAME = AppIcon;
				ASSETCATALOG_COMPILER_GLOBAL_ACCENT_COLOR_NAME = AccentColor;
				CODE_SIGN_STYLE = Automatic;
				CURRENT_PROJECT_VERSION = 1;
				DEVELOPMENT_ASSET_PATHS = "\"BufeTec/Preview Content\"";
				DEVELOPMENT_TEAM = TCBXDWFNX2;
				ENABLE_PREVIEWS = YES;
				GENERATE_INFOPLIST_FILE = YES;
				INFOPLIST_FILE = BufeTec/Info.plist;
				INFOPLIST_KEY_UIApplicationSceneManifest_Generation = YES;
				INFOPLIST_KEY_UIApplicationSupportsIndirectInputEvents = YES;
				INFOPLIST_KEY_UILaunchScreen_Generation = YES;
				INFOPLIST_KEY_UISupportedInterfaceOrientations_iPad = "UIInterfaceOrientationPortrait UIInterfaceOrientationPortraitUpsideDown UIInterfaceOrientationLandscapeLeft UIInterfaceOrientationLandscapeRight";
				INFOPLIST_KEY_UISupportedInterfaceOrientations_iPhone = "UIInterfaceOrientationPortrait UIInterfaceOrientationLandscapeLeft UIInterfaceOrientationLandscapeRight";
				LD_RUNPATH_SEARCH_PATHS = (
					"$(inherited)",
					"@executable_path/Frameworks",
				);
				MARKETING_VERSION = 1.0;
				PRODUCT_BUNDLE_IDENTIFIER = kovomie.BufeTec;
				PRODUCT_NAME = "$(TARGET_NAME)";
				SWIFT_EMIT_LOC_STRINGS = YES;
				SWIFT_VERSION = 5.0;
				TARGETED_DEVICE_FAMILY = "1,2";
			};
			name = Release;
		};
/* End XCBuildConfiguration section */

/* Begin XCConfigurationList section */
		A900EBDD2C954AED001E5311 /* Build configuration list for PBXProject "BufeTec" */ = {
			isa = XCConfigurationList;
			buildConfigurations = (
				A900EBEE2C954AEF001E5311 /* Debug */,
				A900EBEF2C954AEF001E5311 /* Release */,
			);
			defaultConfigurationIsVisible = 0;
			defaultConfigurationName = Release;
		};
		A900EBF02C954AEF001E5311 /* Build configuration list for PBXNativeTarget "BufeTec" */ = {
			isa = XCConfigurationList;
			buildConfigurations = (
				A900EBF12C954AEF001E5311 /* Debug */,
				A900EBF22C954AEF001E5311 /* Release */,
			);
			defaultConfigurationIsVisible = 0;
			defaultConfigurationName = Release;
		};
/* End XCConfigurationList section */

/* Begin XCRemoteSwiftPackageReference section */
		A915355D2CA0F29400DA3289 /* XCRemoteSwiftPackageReference "firebase-ios-sdk" */ = {
			isa = XCRemoteSwiftPackageReference;
			repositoryURL = "https://github.com/firebase/firebase-ios-sdk";
			requirement = {
				kind = upToNextMajorVersion;
				minimumVersion = 11.2.0;
			};
		};
		A91535602CA0F2A300DA3289 /* XCRemoteSwiftPackageReference "GoogleSignIn-iOS" */ = {
			isa = XCRemoteSwiftPackageReference;
			repositoryURL = "https://github.com/google/GoogleSignIn-iOS";
			requirement = {
				kind = upToNextMajorVersion;
				minimumVersion = 8.0.0;
			};
		};
/* End XCRemoteSwiftPackageReference section */

/* Begin XCSwiftPackageProductDependency section */
		A915355E2CA0F29400DA3289 /* FirebaseAuth */ = {
			isa = XCSwiftPackageProductDependency;
			package = A915355D2CA0F29400DA3289 /* XCRemoteSwiftPackageReference "firebase-ios-sdk" */;
			productName = FirebaseAuth;
		};
		A91535612CA0F2A300DA3289 /* GoogleSignIn */ = {
			isa = XCSwiftPackageProductDependency;
			package = A91535602CA0F2A300DA3289 /* XCRemoteSwiftPackageReference "GoogleSignIn-iOS" */;
			productName = GoogleSignIn;
		};
/* End XCSwiftPackageProductDependency section */
	};
	rootObject = A900EBDA2C954AED001E5311 /* Project object */;
}
